
Microsoft Visual Studio Solution File, Format Version 12.00
# Visual Studio Version 16
VisualStudioVersion = 16.0.31112.23
MinimumVisualStudioVersion = 10.0.40219.1
Project("{FAE04EC0-301F-11D3-BF4B-00C04F79EFBC}") = "ToDoList.Api", "ToDoList.Api\ToDoList.Api.csproj", "{46979BC1-FAB0-43DC-875F-B24A80CB0750}"
EndProject
Global
	GlobalSection(SolutionConfigurationPlatforms) = preSolution
		Debug|Any CPU = Debug|Any CPU
		Release|Any CPU = Release|Any CPU
	EndGlobalSection
	GlobalSection(ProjectConfigurationPlatforms) = postSolution
		{46979BC1-FAB0-43DC-875F-B24A80CB0750}.Debug|Any CPU.ActiveCfg = Debug|Any CPU
		{46979BC1-FAB0-43DC-875F-B24A80CB0750}.Debug|Any CPU.Build.0 = Debug|Any CPU
		{46979BC1-FAB0-43DC-875F-B24A80CB0750}.Release|Any CPU.ActiveCfg = Release|Any CPU
		{46979BC1-FAB0-43DC-875F-B24A80CB0750}.Release|Any CPU.Build.0 = Release|Any CPU
	EndGlobalSection
	GlobalSection(SolutionProperties) = preSolution
		HideSolutionNode = FALSE
	EndGlobalSection
	GlobalSection(ExtensibilityGlobals) = postSolution
		SolutionGuid = {05745323-179D-47CC-A36A-145AC3ED4E21}
	EndGlobalSection
EndGlobal
